
Microsoft Visual Studio Solution File, Format Version 12.00
# Visual Studio Version 16
VisualStudioVersion = 16.0.29519.181
MinimumVisualStudioVersion = 10.0.40219.1
Project("{9A19103F-16F7-4668-BE54-9A1E7A4F7556}") = "dashBoard-web", "dashBoard-web.csproj", "{A2AA1D26-E0BE-4EA2-9FF8-727E1F04437A}"
EndProject
Global
	GlobalSection(SolutionConfigurationPlatforms) = preSolution
		Debug|Any CPU = Debug|Any CPU
		Release|Any CPU = Release|Any CPU
	EndGlobalSection
	GlobalSection(ProjectConfigurationPlatforms) = postSolution
		{A2AA1D26-E0BE-4EA2-9FF8-727E1F04437A}.Debug|Any CPU.ActiveCfg = Debug|Any CPU
		{A2AA1D26-E0BE-4EA2-9FF8-727E1F04437A}.Debug|Any CPU.Build.0 = Debug|Any CPU
		{A2AA1D26-E0BE-4EA2-9FF8-727E1F04437A}.Release|Any CPU.ActiveCfg = Release|Any CPU
		{A2AA1D26-E0BE-4EA2-9FF8-727E1F04437A}.Release|Any CPU.Build.0 = Release|Any CPU
	EndGlobalSection
	GlobalSection(SolutionProperties) = preSolution
		HideSolutionNode = FALSE
	EndGlobalSection
	GlobalSection(ExtensibilityGlobals) = postSolution
		SolutionGuid = {D8C0CDE9-2EAA-4A56-AECD-D2FC70AA5C84}
	EndGlobalSection
EndGlobal
